
Microsoft Visual Studio Solution File, Format Version 12.00
# Visual Studio Version 17
VisualStudioVersion = 17.12.35514.174 d17.12
MinimumVisualStudioVersion = 10.0.40219.1
Project("{FAE04EC0-301F-11D3-BF4B-00C04F79EFBC}") = "TodoApi", "TodoApi\TodoApi.csproj", "{9938986F-C798-43D9-829D-F02C871FC09B}"
EndProject
Project("{2150E333-8FDC-42A3-9474-1A3956D46DE8}") = "Models", "Models", "{5607C94D-1050-422C-BB7E-BFA3900B8A36}"
	ProjectSection(SolutionItems) = preProject
		TodoContext.cs = TodoContext.cs
		TodoItem.cs = TodoItem.cs
	EndProjectSection
EndProject
Global
	GlobalSection(SolutionConfigurationPlatforms) = preSolution
		Debug|Any CPU = Debug|Any CPU
		Release|Any CPU = Release|Any CPU
	EndGlobalSection
	GlobalSection(ProjectConfigurationPlatforms) = postSolution
		{9938986F-C798-43D9-829D-F02C871FC09B}.Debug|Any CPU.ActiveCfg = Debug|Any CPU
		{9938986F-C798-43D9-829D-F02C871FC09B}.Debug|Any CPU.Build.0 = Debug|Any CPU
		{9938986F-C798-43D9-829D-F02C871FC09B}.Release|Any CPU.ActiveCfg = Release|Any CPU
		{9938986F-C798-43D9-829D-F02C871FC09B}.Release|Any CPU.Build.0 = Release|Any CPU
	EndGlobalSection
	GlobalSection(SolutionProperties) = preSolution
		HideSolutionNode = FALSE
	EndGlobalSection
EndGlobal
